
Microsoft Visual Studio Solution File, Format Version 12.00
# Visual Studio 15
VisualStudioVersion = 15.0.28307.421
MinimumVisualStudioVersion = 10.0.40219.1
Project("{FAE04EC0-301F-11D3-BF4B-00C04F79EFBC}") = "StuttgartCore", "StuttgartCore\StuttgartCore.csproj", "{D86C7669-EB06-4636-93BA-635838462859}"
EndProject
Global
	GlobalSection(SolutionConfigurationPlatforms) = preSolution
		Debug|Any CPU = Debug|Any CPU
		Release|Any CPU = Release|Any CPU
	EndGlobalSection
	GlobalSection(ProjectConfigurationPlatforms) = postSolution
		{D86C7669-EB06-4636-93BA-635838462859}.Debug|Any CPU.ActiveCfg = Debug|Any CPU
		{D86C7669-EB06-4636-93BA-635838462859}.Debug|Any CPU.Build.0 = Debug|Any CPU
		{D86C7669-EB06-4636-93BA-635838462859}.Release|Any CPU.ActiveCfg = Release|Any CPU
		{D86C7669-EB06-4636-93BA-635838462859}.Release|Any CPU.Build.0 = Release|Any CPU
	EndGlobalSection
	GlobalSection(SolutionProperties) = preSolution
		HideSolutionNode = FALSE
	EndGlobalSection
	GlobalSection(ExtensibilityGlobals) = postSolution
		SolutionGuid = {F590B48B-35DA-4625-836F-A3EEBBA4B2BE}
	EndGlobalSection
EndGlobal
